
Microsoft Visual Studio Solution File, Format Version 12.00
# Visual Studio 15
VisualStudioVersion = 15.0.28307.271
MinimumVisualStudioVersion = 10.0.40219.1
Project("{FAE04EC0-301F-11D3-BF4B-00C04F79EFBC}") = "HumanManagement", "HumanManagement\HumanManagement.csproj", "{89DB27EE-D415-4F21-8C3F-B7F470BC229C}"
EndProject
Project("{FAE04EC0-301F-11D3-BF4B-00C04F79EFBC}") = "ImportAndExportSolution", "ImportAndExportSolution\ImportAndExportSolution.csproj", "{999BC25C-0A2F-4329-AFD1-477231717593}"
EndProject
Project("{FAE04EC0-301F-11D3-BF4B-00C04F79EFBC}") = "HumanManagementSQLServer", "HumanManagementSQLServer\HumanManagementSQLServer.csproj", "{D1684A4D-A53F-4326-A994-043E984EC66A}"
EndProject
Global
	GlobalSection(SolutionConfigurationPlatforms) = preSolution
		Debug|Any CPU = Debug|Any CPU
		Release|Any CPU = Release|Any CPU
	EndGlobalSection
	GlobalSection(ProjectConfigurationPlatforms) = postSolution
		{89DB27EE-D415-4F21-8C3F-B7F470BC229C}.Debug|Any CPU.ActiveCfg = Debug|Any CPU
		{89DB27EE-D415-4F21-8C3F-B7F470BC229C}.Debug|Any CPU.Build.0 = Debug|Any CPU
		{89DB27EE-D415-4F21-8C3F-B7F470BC229C}.Release|Any CPU.ActiveCfg = Release|Any CPU
		{89DB27EE-D415-4F21-8C3F-B7F470BC229C}.Release|Any CPU.Build.0 = Release|Any CPU
		{999BC25C-0A2F-4329-AFD1-477231717593}.Debug|Any CPU.ActiveCfg = Debug|Any CPU
		{999BC25C-0A2F-4329-AFD1-477231717593}.Debug|Any CPU.Build.0 = Debug|Any CPU
		{999BC25C-0A2F-4329-AFD1-477231717593}.Release|Any CPU.ActiveCfg = Release|Any CPU
		{999BC25C-0A2F-4329-AFD1-477231717593}.Release|Any CPU.Build.0 = Release|Any CPU
		{D1684A4D-A53F-4326-A994-043E984EC66A}.Debug|Any CPU.ActiveCfg = Debug|Any CPU
		{D1684A4D-A53F-4326-A994-043E984EC66A}.Debug|Any CPU.Build.0 = Debug|Any CPU
		{D1684A4D-A53F-4326-A994-043E984EC66A}.Release|Any CPU.ActiveCfg = Release|Any CPU
		{D1684A4D-A53F-4326-A994-043E984EC66A}.Release|Any CPU.Build.0 = Release|Any CPU
	EndGlobalSection
	GlobalSection(SolutionProperties) = preSolution
		HideSolutionNode = FALSE
	EndGlobalSection
	GlobalSection(ExtensibilityGlobals) = postSolution
		SolutionGuid = {7E0FA527-38DD-4EB5-8B8F-F9085DAB7233}
	EndGlobalSection
EndGlobal
